
Microsoft Visual Studio Solution File, Format Version 12.00
# Visual Studio Version 16
VisualStudioVersion = 16.0.31624.102
MinimumVisualStudioVersion = 10.0.40219.1
Project("{FAE04EC0-301F-11D3-BF4B-00C04F79EFBC}") = "Novibet", "MatchesApi\MatchesApi.csproj", "{EC5E91FD-37F3-4691-9F2B-3FCCFA330B2F}"
EndProject
Global
	GlobalSection(SolutionConfigurationPlatforms) = preSolution
		Debug|Any CPU = Debug|Any CPU
		Release|Any CPU = Release|Any CPU
	EndGlobalSection
	GlobalSection(ProjectConfigurationPlatforms) = postSolution
		{EC5E91FD-37F3-4691-9F2B-3FCCFA330B2F}.Debug|Any CPU.ActiveCfg = Debug|Any CPU
		{EC5E91FD-37F3-4691-9F2B-3FCCFA330B2F}.Debug|Any CPU.Build.0 = Debug|Any CPU
		{EC5E91FD-37F3-4691-9F2B-3FCCFA330B2F}.Release|Any CPU.ActiveCfg = Release|Any CPU
		{EC5E91FD-37F3-4691-9F2B-3FCCFA330B2F}.Release|Any CPU.Build.0 = Release|Any CPU
	EndGlobalSection
	GlobalSection(SolutionProperties) = preSolution
		HideSolutionNode = FALSE
	EndGlobalSection
	GlobalSection(ExtensibilityGlobals) = postSolution
		SolutionGuid = {52555BEB-0D3C-4EED-918E-06A1056E0CE7}
	EndGlobalSection
EndGlobal
